// !$*UTF8*$!
{
	archiveVersion = 1;
	classes = {
	};
	objectVersion = 56;
	objects = {

/* Begin PBXBuildFile section */
		4753E1002C26A71800BC1B32 /* AppDelegate.swift in Sources */ = {isa = PBXBuildFile; fileRef = 4753E0FF2C26A71800BC1B32 /* AppDelegate.swift */; };
		4753E1022C26A71800BC1B32 /* SceneDelegate.swift in Sources */ = {isa = PBXBuildFile; fileRef = 4753E1012C26A71800BC1B32 /* SceneDelegate.swift */; };
		4753E1042C26A71800BC1B32 /* ViewController.swift in Sources */ = {isa = PBXBuildFile; fileRef = 4753E1032C26A71800BC1B32 /* ViewController.swift */; };
		4753E1072C26A71800BC1B32 /* Main.storyboard in Resources */ = {isa = PBXBuildFile; fileRef = 4753E1052C26A71800BC1B32 /* Main.storyboard */; };
		4753E1092C26A71A00BC1B32 /* Assets.xcassets in Resources */ = {isa = PBXBuildFile; fileRef = 4753E1082C26A71A00BC1B32 /* Assets.xcassets */; };
		4753E10C2C26A71A00BC1B32 /* LaunchScreen.storyboard in Resources */ = {isa = PBXBuildFile; fileRef = 4753E10A2C26A71A00BC1B32 /* LaunchScreen.storyboard */; };
		4753E1172C26A71A00BC1B32 /* REFRIGERATORTests.swift in Sources */ = {isa = PBXBuildFile; fileRef = 4753E1162C26A71A00BC1B32 /* REFRIGERATORTests.swift */; };
		4753E1212C26A71A00BC1B32 /* REFRIGERATORUITests.swift in Sources */ = {isa = PBXBuildFile; fileRef = 4753E1202C26A71A00BC1B32 /* REFRIGERATORUITests.swift */; };
		4753E1232C26A71A00BC1B32 /* REFRIGERATORUITestsLaunchTests.swift in Sources */ = {isa = PBXBuildFile; fileRef = 4753E1222C26A71A00BC1B32 /* REFRIGERATORUITestsLaunchTests.swift */; };
/* End PBXBuildFile section */

/* Begin PBXContainerItemProxy section */
		4753E1132C26A71A00BC1B32 /* PBXContainerItemProxy */ = {
			isa = PBXContainerItemProxy;
			containerPortal = 4753E0F42C26A71800BC1B32 /* Project object */;
			proxyType = 1;
			remoteGlobalIDString = 4753E0FB2C26A71800BC1B32;
			remoteInfo = REFRIGERATOR;
		};
		4753E11D2C26A71A00BC1B32 /* PBXContainerItemProxy */ = {
			isa = PBXContainerItemProxy;
			containerPortal = 4753E0F42C26A71800BC1B32 /* Project object */;
			proxyType = 1;
			remoteGlobalIDString = 4753E0FB2C26A71800BC1B32;
			remoteInfo = REFRIGERATOR;
		};
/* End PBXContainerItemProxy section */

/* Begin PBXFileReference section */
		4753E0FC2C26A71800BC1B32 /* REFRIGERATOR.app */ = {isa = PBXFileReference; explicitFileType = wrapper.application; includeInIndex = 0; path = REFRIGERATOR.app; sourceTree = BUILT_PRODUCTS_DIR; };
		4753E0FF2C26A71800BC1B32 /* AppDelegate.swift */ = {isa = PBXFileReference; lastKnownFileType = sourcecode.swift; path = AppDelegate.swift; sourceTree = "<group>"; };
		4753E1012C26A71800BC1B32 /* SceneDelegate.swift */ = {isa = PBXFileReference; lastKnownFileType = sourcecode.swift; path = SceneDelegate.swift; sourceTree = "<group>"; };
		4753E1032C26A71800BC1B32 /* ViewController.swift */ = {isa = PBXFileReference; lastKnownFileType = sourcecode.swift; path = ViewController.swift; sourceTree = "<group>"; };
		4753E1062C26A71800BC1B32 /* Base */ = {isa = PBXFileReference; lastKnownFileType = file.storyboard; name = Base; path = Base.lproj/Main.storyboard; sourceTree = "<group>"; };
		4753E1082C26A71A00BC1B32 /* Assets.xcassets */ = {isa = PBXFileReference; lastKnownFileType = folder.assetcatalog; path = Assets.xcassets; sourceTree = "<group>"; };
		4753E10B2C26A71A00BC1B32 /* Base */ = {isa = PBXFileReference; lastKnownFileType = file.storyboard; name = Base; path = Base.lproj/LaunchScreen.storyboard; sourceTree = "<group>"; };
		4753E10D2C26A71A00BC1B32 /* Info.plist */ = {isa = PBXFileReference; lastKnownFileType = text.plist.xml; path = Info.plist; sourceTree = "<group>"; };
		4753E1122C26A71A00BC1B32 /* REFRIGERATORTests.xctest */ = {isa = PBXFileReference; explicitFileType = wrapper.cfbundle; includeInIndex = 0; path = REFRIGERATORTests.xctest; sourceTree = BUILT_PRODUCTS_DIR; };
		4753E1162C26A71A00BC1B32 /* REFRIGERATORTests.swift */ = {isa = PBXFileReference; lastKnownFileType = sourcecode.swift; path = REFRIGERATORTests.swift; sourceTree = "<group>"; };
		4753E11C2C26A71A00BC1B32 /* REFRIGERATORUITests.xctest */ = {isa = PBXFileReference; explicitFileType = wrapper.cfbundle; includeInIndex = 0; path = REFRIGERATORUITests.xctest; sourceTree = BUILT_PRODUCTS_DIR; };
		4753E1202C26A71A00BC1B32 /* REFRIGERATORUITests.swift */ = {isa = PBXFileReference; lastKnownFileType = sourcecode.swift; path = REFRIGERATORUITests.swift; sourceTree = "<group>"; };
		4753E1222C26A71A00BC1B32 /* REFRIGERATORUITestsLaunchTests.swift */ = {isa = PBXFileReference; lastKnownFileType = sourcecode.swift; path = REFRIGERATORUITestsLaunchTests.swift; sourceTree = "<group>"; };
/* End PBXFileReference section */

/* Begin PBXFrameworksBuildPhase section */
		4753E0F92C26A71800BC1B32 /* Frameworks */ = {
			isa = PBXFrameworksBuildPhase;
			buildActionMask = 2147483647;
			files = (
			);
			runOnlyForDeploymentPostprocessing = 0;
		};
		4753E10F2C26A71A00BC1B32 /* Frameworks */ = {
			isa = PBXFrameworksBuildPhase;
			buildActionMask = 2147483647;
			files = (
			);
			runOnlyForDeploymentPostprocessing = 0;
		};
		4753E1192C26A71A00BC1B32 /* Frameworks */ = {
			isa = PBXFrameworksBuildPhase;
			buildActionMask = 2147483647;
			files = (
			);
			runOnlyForDeploymentPostprocessing = 0;
		};
/* End PBXFrameworksBuildPhase section */

/* Begin PBXGroup section */
		4753E0F32C26A71800BC1B32 = {
			isa = PBXGroup;
			children = (
				4753E0FE2C26A71800BC1B32 /* REFRIGERATOR */,
				4753E1152C26A71A00BC1B32 /* REFRIGERATORTests */,
				4753E11F2C26A71A00BC1B32 /* REFRIGERATORUITests */,
				4753E0FD2C26A71800BC1B32 /* Products */,
			);
			sourceTree = "<group>";
		};
		4753E0FD2C26A71800BC1B32 /* Products */ = {
			isa = PBXGroup;
			children = (
				4753E0FC2C26A71800BC1B32 /* REFRIGERATOR.app */,
				4753E1122C26A71A00BC1B32 /* REFRIGERATORTests.xctest */,
				4753E11C2C26A71A00BC1B32 /* REFRIGERATORUITests.xctest */,
			);
			name = Products;
			sourceTree = "<group>";
		};
		4753E0FE2C26A71800BC1B32 /* REFRIGERATOR */ = {
			isa = PBXGroup;
			children = (
				4753E0FF2C26A71800BC1B32 /* AppDelegate.swift */,
				4753E1012C26A71800BC1B32 /* SceneDelegate.swift */,
				4753E1032C26A71800BC1B32 /* ViewController.swift */,
				4753E1052C26A71800BC1B32 /* Main.storyboard */,
				4753E1082C26A71A00BC1B32 /* Assets.xcassets */,
				4753E10A2C26A71A00BC1B32 /* LaunchScreen.storyboard */,
				4753E10D2C26A71A00BC1B32 /* Info.plist */,
			);
			path = REFRIGERATOR;
			sourceTree = "<group>";
		};
		4753E1152C26A71A00BC1B32 /* REFRIGERATORTests */ = {
			isa = PBXGroup;
			children = (
				4753E1162C26A71A00BC1B32 /* REFRIGERATORTests.swift */,
			);
			path = REFRIGERATORTests;
			sourceTree = "<group>";
		};
		4753E11F2C26A71A00BC1B32 /* REFRIGERATORUITests */ = {
			isa = PBXGroup;
			children = (
				4753E1202C26A71A00BC1B32 /* REFRIGERATORUITests.swift */,
				4753E1222C26A71A00BC1B32 /* REFRIGERATORUITestsLaunchTests.swift */,
			);
			path = REFRIGERATORUITests;
			sourceTree = "<group>";
		};
/* End PBXGroup section */

/* Begin PBXNativeTarget section */
		4753E0FB2C26A71800BC1B32 /* REFRIGERATOR */ = {
			isa = PBXNativeTarget;
			buildConfigurationList = 4753E1262C26A71A00BC1B32 /* Build configuration list for PBXNativeTarget "REFRIGERATOR" */;
			buildPhases = (
				4753E0F82C26A71800BC1B32 /* Sources */,
				4753E0F92C26A71800BC1B32 /* Frameworks */,
				4753E0FA2C26A71800BC1B32 /* Resources */,
			);
			buildRules = (
			);
			dependencies = (
			);
			name = REFRIGERATOR;
			productName = REFRIGERATOR;
			productReference = 4753E0FC2C26A71800BC1B32 /* REFRIGERATOR.app */;
			productType = "com.apple.product-type.application";
		};
		4753E1112C26A71A00BC1B32 /* REFRIGERATORTests */ = {
			isa = PBXNativeTarget;
			buildConfigurationList = 4753E1292C26A71A00BC1B32 /* Build configuration list for PBXNativeTarget "REFRIGERATORTests" */;
			buildPhases = (
				4753E10E2C26A71A00BC1B32 /* Sources */,
				4753E10F2C26A71A00BC1B32 /* Frameworks */,
				4753E1102C26A71A00BC1B32 /* Resources */,
			);
			buildRules = (
			);
			dependencies = (
				4753E1142C26A71A00BC1B32 /* PBXTargetDependency */,
			);
			name = REFRIGERATORTests;
			productName = REFRIGERATORTests;
			productReference = 4753E1122C26A71A00BC1B32 /* REFRIGERATORTests.xctest */;
			productType = "com.apple.product-type.bundle.unit-test";
		};
		4753E11B2C26A71A00BC1B32 /* REFRIGERATORUITests */ = {
			isa = PBXNativeTarget;
			buildConfigurationList = 4753E12C2C26A71A00BC1B32 /* Build configuration list for PBXNativeTarget "REFRIGERATORUITests" */;
			buildPhases = (
				4753E1182C26A71A00BC1B32 /* Sources */,
				4753E1192C26A71A00BC1B32 /* Frameworks */,
				4753E11A2C26A71A00BC1B32 /* Resources */,
			);
			buildRules = (
			);
			dependencies = (
				4753E11E2C26A71A00BC1B32 /* PBXTargetDependency */,
			);
			name = REFRIGERATORUITests;
			productName = REFRIGERATORUITests;
			productReference = 4753E11C2C26A71A00BC1B32 /* REFRIGERATORUITests.xctest */;
			productType = "com.apple.product-type.bundle.ui-testing";
		};
/* End PBXNativeTarget section */

/* Begin PBXProject section */
		4753E0F42C26A71800BC1B32 /* Project object */ = {
			isa = PBXProject;
			attributes = {
				BuildIndependentTargetsInParallel = 1;
				LastSwiftUpdateCheck = 1510;
				LastUpgradeCheck = 1510;
				TargetAttributes = {
					4753E0FB2C26A71800BC1B32 = {
						CreatedOnToolsVersion = 15.1;
					};
					4753E1112C26A71A00BC1B32 = {
						CreatedOnToolsVersion = 15.1;
						TestTargetID = 4753E0FB2C26A71800BC1B32;
					};
					4753E11B2C26A71A00BC1B32 = {
						CreatedOnToolsVersion = 15.1;
						TestTargetID = 4753E0FB2C26A71800BC1B32;
					};
				};
			};
			buildConfigurationList = 4753E0F72C26A71800BC1B32 /* Build configuration list for PBXProject "REFRIGERATOR" */;
			compatibilityVersion = "Xcode 14.0";
			developmentRegion = en;
			hasScannedForEncodings = 0;
			knownRegions = (
				en,
				Base,
			);
			mainGroup = 4753E0F32C26A71800BC1B32;
			productRefGroup = 4753E0FD2C26A71800BC1B32 /* Products */;
			projectDirPath = "";
			projectRoot = "";
			targets = (
				4753E0FB2C26A71800BC1B32 /* REFRIGERATOR */,
				4753E1112C26A71A00BC1B32 /* REFRIGERATORTests */,
				4753E11B2C26A71A00BC1B32 /* REFRIGERATORUITests */,
			);
		};
/* End PBXProject section */

/* Begin PBXResourcesBuildPhase section */
		4753E0FA2C26A71800BC1B32 /* Resources */ = {
			isa = PBXResourcesBuildPhase;
			buildActionMask = 2147483647;
			files = (
				4753E10C2C26A71A00BC1B32 /* LaunchScreen.storyboard in Resources */,
				4753E1092C26A71A00BC1B32 /* Assets.xcassets in Resources */,
				4753E1072C26A71800BC1B32 /* Main.storyboard in Resources */,
			);
			runOnlyForDeploymentPostprocessing = 0;
		};
		4753E1102C26A71A00BC1B32 /* Resources */ = {
			isa = PBXResourcesBuildPhase;
			buildActionMask = 2147483647;
			files = (
			);
			runOnlyForDeploymentPostprocessing = 0;
		};
		4753E11A2C26A71A00BC1B32 /* Resources */ = {
			isa = PBXResourcesBuildPhase;
			buildActionMask = 2147483647;
			files = (
			);
			runOnlyForDeploymentPostprocessing = 0;
		};
/* End PBXResourcesBuildPhase section */

/* Begin PBXSourcesBuildPhase section */
		4753E0F82C26A71800BC1B32 /* Sources */ = {
			isa = PBXSourcesBuildPhase;
			buildActionMask = 2147483647;
			files = (
				4753E1042C26A71800BC1B32 /* ViewController.swift in Sources */,
				4753E1002C26A71800BC1B32 /* AppDelegate.swift in Sources */,
				4753E1022C26A71800BC1B32 /* SceneDelegate.swift in Sources */,
			);
			runOnlyForDeploymentPostprocessing = 0;
		};
		4753E10E2C26A71A00BC1B32 /* Sources */ = {
			isa = PBXSourcesBuildPhase;
			buildActionMask = 2147483647;
			files = (
				4753E1172C26A71A00BC1B32 /* REFRIGERATORTests.swift in Sources */,
			);
			runOnlyForDeploymentPostprocessing = 0;
		};
		4753E1182C26A71A00BC1B32 /* Sources */ = {
			isa = PBXSourcesBuildPhase;
			buildActionMask = 2147483647;
			files = (
				4753E1232C26A71A00BC1B32 /* REFRIGERATORUITestsLaunchTests.swift in Sources */,
				4753E1212C26A71A00BC1B32 /* REFRIGERATORUITests.swift in Sources */,
			);
			runOnlyForDeploymentPostprocessing = 0;
		};
/* End PBXSourcesBuildPhase section */

/* Begin PBXTargetDependency section */
		4753E1142C26A71A00BC1B32 /* PBXTargetDependency */ = {
			isa = PBXTargetDependency;
			target = 4753E0FB2C26A71800BC1B32 /* REFRIGERATOR */;
			targetProxy = 4753E1132C26A71A00BC1B32 /* PBXContainerItemProxy */;
		};
		4753E11E2C26A71A00BC1B32 /* PBXTargetDependency */ = {
			isa = PBXTargetDependency;
			target = 4753E0FB2C26A71800BC1B32 /* REFRIGERATOR */;
			targetProxy = 4753E11D2C26A71A00BC1B32 /* PBXContainerItemProxy */;
		};
/* End PBXTargetDependency section */

/* Begin PBXVariantGroup section */
		4753E1052C26A71800BC1B32 /* Main.storyboard */ = {
			isa = PBXVariantGroup;
			children = (
				4753E1062C26A71800BC1B32 /* Base */,
			);
			name = Main.storyboard;
			sourceTree = "<group>";
		};
		4753E10A2C26A71A00BC1B32 /* LaunchScreen.storyboard */ = {
			isa = PBXVariantGroup;
			children = (
				4753E10B2C26A71A00BC1B32 /* Base */,
			);
			name = LaunchScreen.storyboard;
			sourceTree = "<group>";
		};
/* End PBXVariantGroup section */

/* Begin XCBuildConfiguration section */
		4753E1242C26A71A00BC1B32 /* Debug */ = {
			isa = XCBuildConfiguration;
			buildSettings = {
				ALWAYS_SEARCH_USER_PATHS = NO;
				ASSETCATALOG_COMPILER_GENERATE_SWIFT_ASSET_SYMBOL_EXTENSIONS = YES;
				CLANG_ANALYZER_NONNULL = YES;
				CLANG_ANALYZER_NUMBER_OBJECT_CONVERSION = YES_AGGRESSIVE;
				CLANG_CXX_LANGUAGE_STANDARD = "gnu++20";
				CLANG_ENABLE_MODULES = YES;
				CLANG_ENABLE_OBJC_ARC = YES;
				CLANG_ENABLE_OBJC_WEAK = YES;
				CLANG_WARN_BLOCK_CAPTURE_AUTORELEASING = YES;
				CLANG_WARN_BOOL_CONVERSION = YES;
				CLANG_WARN_COMMA = YES;
				CLANG_WARN_CONSTANT_CONVERSION = YES;
				CLANG_WARN_DEPRECATED_OBJC_IMPLEMENTATIONS = YES;
				CLANG_WARN_DIRECT_OBJC_ISA_USAGE = YES_ERROR;
				CLANG_WARN_DOCUMENTATION_COMMENTS = YES;
				CLANG_WARN_EMPTY_BODY = YES;
				CLANG_WARN_ENUM_CONVERSION = YES;
				CLANG_WARN_INFINITE_RECURSION = YES;
				CLANG_WARN_INT_CONVERSION = YES;
				CLANG_WARN_NON_LITERAL_NULL_CONVERSION = YES;
				CLANG_WARN_OBJC_IMPLICIT_RETAIN_SELF = YES;
				CLANG_WARN_OBJC_LITERAL_CONVERSION = YES;
				CLANG_WARN_OBJC_ROOT_CLASS = YES_ERROR;
				CLANG_WARN_QUOTED_INCLUDE_IN_FRAMEWORK_HEADER = YES;
				CLANG_WARN_RANGE_LOOP_ANALYSIS = YES;
				CLANG_WARN_STRICT_PROTOTYPES = YES;
				CLANG_WARN_SUSPICIOUS_MOVE = YES;
				CLANG_WARN_UNGUARDED_AVAILABILITY = YES_AGGRESSIVE;
				CLANG_WARN_UNREACHABLE_CODE = YES;
				CLANG_WARN__DUPLICATE_METHOD_MATCH = YES;
				COPY_PHASE_STRIP = NO;
				DEBUG_INFORMATION_FORMAT = dwarf;
				ENABLE_STRICT_OBJC_MSGSEND = YES;
				ENABLE_TESTABILITY = YES;
				ENABLE_USER_SCRIPT_SANDBOXING = YES;
				GCC_C_LANGUAGE_STANDARD = gnu17;
				GCC_DYNAMIC_NO_PIC = NO;
				GCC_NO_COMMON_BLOCKS = YES;
				GCC_OPTIMIZATION_LEVEL = 0;
				GCC_PREPROCESSOR_DEFINITIONS = (
					"DEBUG=1",
					"$(inherited)",
				);
				GCC_WARN_64_TO_32_BIT_CONVERSION = YES;
				GCC_WARN_ABOUT_RETURN_TYPE = YES_ERROR;
				GCC_WARN_UNDECLARED_SELECTOR = YES;
				GCC_WARN_UNINITIALIZED_AUTOS = YES_AGGRESSIVE;
				GCC_WARN_UNUSED_FUNCTION = YES;
				GCC_WARN_UNUSED_VARIABLE = YES;
				IPHONEOS_DEPLOYMENT_TARGET = 17.2;
				LOCALIZATION_PREFERS_STRING_CATALOGS = YES;
				MTL_ENABLE_DEBUG_INFO = INCLUDE_SOURCE;
				MTL_FAST_MATH = YES;
				ONLY_ACTIVE_ARCH = YES;
				SDKROOT = iphoneos;
				SWIFT_ACTIVE_COMPILATION_CONDITIONS = "DEBUG $(inherited)";
				SWIFT_OPTIMIZATION_LEVEL = "-Onone";
			};
			name = Debug;
		};
		4753E1252C26A71A00BC1B32 /* Release */ = {
			isa = XCBuildConfiguration;
			buildSettings = {
				ALWAYS_SEARCH_USER_PATHS = NO;
				ASSETCATALOG_COMPILER_GENERATE_SWIFT_ASSET_SYMBOL_EXTENSIONS = YES;
				CLANG_ANALYZER_NONNULL = YES;
				CLANG_ANALYZER_NUMBER_OBJECT_CONVERSION = YES_AGGRESSIVE;
				CLANG_CXX_LANGUAGE_STANDARD = "gnu++20";
				CLANG_ENABLE_MODULES = YES;
				CLANG_ENABLE_OBJC_ARC = YES;
				CLANG_ENABLE_OBJC_WEAK = YES;
				CLANG_WARN_BLOCK_CAPTURE_AUTORELEASING = YES;
				CLANG_WARN_BOOL_CONVERSION = YES;
				CLANG_WARN_COMMA = YES;
				CLANG_WARN_CONSTANT_CONVERSION = YES;
				CLANG_WARN_DEPRECATED_OBJC_IMPLEMENTATIONS = YES;
				CLANG_WARN_DIRECT_OBJC_ISA_USAGE = YES_ERROR;
				CLANG_WARN_DOCUMENTATION_COMMENTS = YES;
				CLANG_WARN_EMPTY_BODY = YES;
				CLANG_WARN_ENUM_CONVERSION = YES;
				CLANG_WARN_INFINITE_RECURSION = YES;
				CLANG_WARN_INT_CONVERSION = YES;
				CLANG_WARN_NON_LITERAL_NULL_CONVERSION = YES;
				CLANG_WARN_OBJC_IMPLICIT_RETAIN_SELF = YES;
				CLANG_WARN_OBJC_LITERAL_CONVERSION = YES;
				CLANG_WARN_OBJC_ROOT_CLASS = YES_ERROR;
				CLANG_WARN_QUOTED_INCLUDE_IN_FRAMEWORK_HEADER = YES;
				CLANG_WARN_RANGE_LOOP_ANALYSIS = YES;
				CLANG_WARN_STRICT_PROTOTYPES = YES;
				CLANG_WARN_SUSPICIOUS_MOVE = YES;
				CLANG_WARN_UNGUARDED_AVAILABILITY = YES_AGGRESSIVE;
				CLANG_WARN_UNREACHABLE_CODE = YES;
				CLANG_WARN__DUPLICATE_METHOD_MATCH = YES;
				COPY_PHASE_STRIP = NO;
				DEBUG_INFORMATION_FORMAT = "dwarf-with-dsym";
				ENABLE_NS_ASSERTIONS = NO;
				ENABLE_STRICT_OBJC_MSGSEND = YES;
				ENABLE_USER_SCRIPT_SANDBOXING = YES;
				GCC_C_LANGUAGE_STANDARD = gnu17;
				GCC_NO_COMMON_BLOCKS = YES;
				GCC_WARN_64_TO_32_BIT_CONVERSION = YES;
				GCC_WARN_ABOUT_RETURN_TYPE = YES_ERROR;
				GCC_WARN_UNDECLARED_SELECTOR = YES;
				GCC_WARN_UNINITIALIZED_AUTOS = YES_AGGRESSIVE;
				GCC_WARN_UNUSED_FUNCTION = YES;
				GCC_WARN_UNUSED_VARIABLE = YES;
				IPHONEOS_DEPLOYMENT_TARGET = 17.2;
				LOCALIZATION_PREFERS_STRING_CATALOGS = YES;
				MTL_ENABLE_DEBUG_INFO = NO;
				MTL_FAST_MATH = YES;
				SDKROOT = iphoneos;
				SWIFT_COMPILATION_MODE = wholemodule;
				VALIDATE_PRODUCT = YES;
			};
			name = Release;
		};
		4753E1272C26A71A00BC1B32 /* Debug */ = {
			isa = XCBuildConfiguration;
			buildSettings = {
				ASSETCATALOG_COMPILER_APPICON_NAME = AppIcon;
				ASSETCATALOG_COMPILER_GLOBAL_ACCENT_COLOR_NAME = AccentColor;
				CODE_SIGN_STYLE = Automatic;
				CURRENT_PROJECT_VERSION = 1;
				DEVELOPMENT_TEAM = AK98PPZ4Q5;
				GENERATE_INFOPLIST_FILE = YES;
				INFOPLIST_FILE = REFRIGERATOR/Info.plist;
				INFOPLIST_KEY_UIApplicationSupportsIndirectInputEvents = YES;
				INFOPLIST_KEY_UILaunchStoryboardName = LaunchScreen;
				INFOPLIST_KEY_UIMainStoryboardFile = Main;
				INFOPLIST_KEY_UISupportedInterfaceOrientations_iPad = "UIInterfaceOrientationPortrait UIInterfaceOrientationPortraitUpsideDown UIInterfaceOrientationLandscapeLeft UIInterfaceOrientationLandscapeRight";
				INFOPLIST_KEY_UISupportedInterfaceOrientations_iPhone = "UIInterfaceOrientationPortrait UIInterfaceOrientationLandscapeLeft UIInterfaceOrientationLandscapeRight";
				LD_RUNPATH_SEARCH_PATHS = (
					"$(inherited)",
					"@executable_path/Frameworks",
				);
				MARKETING_VERSION = 1.0;
				PRODUCT_BUNDLE_IDENTIFIER = com.su.REFRIGERATOR;
				PRODUCT_NAME = "$(TARGET_NAME)";
				SWIFT_EMIT_LOC_STRINGS = YES;
				SWIFT_VERSION = 5.0;
				TARGETED_DEVICE_FAMILY = "1,2";
			};
			name = Debug;
		};
		4753E1282C26A71A00BC1B32 /* Release */ = {
			isa = XCBuildConfiguration;
			buildSettings = {
				ASSETCATALOG_COMPILER_APPICON_NAME = AppIcon;
				ASSETCATALOG_COMPILER_GLOBAL_ACCENT_COLOR_NAME = AccentColor;
				CODE_SIGN_STYLE = Automatic;
				CURRENT_PROJECT_VERSION = 1;
				DEVELOPMENT_TEAM = AK98PPZ4Q5;
				GENERATE_INFOPLIST_FILE = YES;
				INFOPLIST_FILE = REFRIGERATOR/Info.plist;
				INFOPLIST_KEY_UIApplicationSupportsIndirectInputEvents = YES;
				INFOPLIST_KEY_UILaunchStoryboardName = LaunchScreen;
				INFOPLIST_KEY_UIMainStoryboardFile = Main;
				INFOPLIST_KEY_UISupportedInterfaceOrientations_iPad = "UIInterfaceOrientationPortrait UIInterfaceOrientationPortraitUpsideDown UIInterfaceOrientationLandscapeLeft UIInterfaceOrientationLandscapeRight";
				INFOPLIST_KEY_UISupportedInterfaceOrientations_iPhone = "UIInterfaceOrientationPortrait UIInterfaceOrientationLandscapeLeft UIInterfaceOrientationLandscapeRight";
				LD_RUNPATH_SEARCH_PATHS = (
					"$(inherited)",
					"@executable_path/Frameworks",
				);
				MARKETING_VERSION = 1.0;
				PRODUCT_BUNDLE_IDENTIFIER = com.su.REFRIGERATOR;
				PRODUCT_NAME = "$(TARGET_NAME)";
				SWIFT_EMIT_LOC_STRINGS = YES;
				SWIFT_VERSION = 5.0;
				TARGETED_DEVICE_FAMILY = "1,2";
			};
			name = Release;
		};
		4753E12A2C26A71A00BC1B32 /* Debug */ = {
			isa = XCBuildConfiguration;
			buildSettings = {
				ALWAYS_EMBED_SWIFT_STANDARD_LIBRARIES = YES;
				BUNDLE_LOADER = "$(TEST_HOST)";
				CODE_SIGN_STYLE = Automatic;
				CURRENT_PROJECT_VERSION = 1;
				DEVELOPMENT_TEAM = AK98PPZ4Q5;
				GENERATE_INFOPLIST_FILE = YES;
				IPHONEOS_DEPLOYMENT_TARGET = 17.2;
				MARKETING_VERSION = 1.0;
				PRODUCT_BUNDLE_IDENTIFIER = com.su.REFRIGERATORTests;
				PRODUCT_NAME = "$(TARGET_NAME)";
				SWIFT_EMIT_LOC_STRINGS = NO;
				SWIFT_VERSION = 5.0;
				TARGETED_DEVICE_FAMILY = "1,2";
				TEST_HOST = "$(BUILT_PRODUCTS_DIR)/REFRIGERATOR.app/$(BUNDLE_EXECUTABLE_FOLDER_PATH)/REFRIGERATOR";
			};
			name = Debug;
		};
		4753E12B2C26A71A00BC1B32 /* Release */ = {
			isa = XCBuildConfiguration;
			buildSettings = {
				ALWAYS_EMBED_SWIFT_STANDARD_LIBRARIES = YES;
				BUNDLE_LOADER = "$(TEST_HOST)";
				CODE_SIGN_STYLE = Automatic;
				CURRENT_PROJECT_VERSION = 1;
				DEVELOPMENT_TEAM = AK98PPZ4Q5;
				GENERATE_INFOPLIST_FILE = YES;
				IPHONEOS_DEPLOYMENT_TARGET = 17.2;
				MARKETING_VERSION = 1.0;
				PRODUCT_BUNDLE_IDENTIFIER = com.su.REFRIGERATORTests;
				PRODUCT_NAME = "$(TARGET_NAME)";
				SWIFT_EMIT_LOC_STRINGS = NO;
				SWIFT_VERSION = 5.0;
				TARGETED_DEVICE_FAMILY = "1,2";
				TEST_HOST = "$(BUILT_PRODUCTS_DIR)/REFRIGERATOR.app/$(BUNDLE_EXECUTABLE_FOLDER_PATH)/REFRIGERATOR";
			};
			name = Release;
		};
		4753E12D2C26A71A00BC1B32 /* Debug */ = {
			isa = XCBuildConfiguration;
			buildSettings = {
				ALWAYS_EMBED_SWIFT_STANDARD_LIBRARIES = YES;
				CODE_SIGN_STYLE = Automatic;
				CURRENT_PROJECT_VERSION = 1;
				DEVELOPMENT_TEAM = AK98PPZ4Q5;
				GENERATE_INFOPLIST_FILE = YES;
				MARKETING_VERSION = 1.0;
				PRODUCT_BUNDLE_IDENTIFIER = com.su.REFRIGERATORUITests;
				PRODUCT_NAME = "$(TARGET_NAME)";
				SWIFT_EMIT_LOC_STRINGS = NO;
				SWIFT_VERSION = 5.0;
				TARGETED_DEVICE_FAMILY = "1,2";
				TEST_TARGET_NAME = REFRIGERATOR;
			};
			name = Debug;
		};
		4753E12E2C26A71A00BC1B32 /* Release */ = {
			isa = XCBuildConfiguration;
			buildSettings = {
				ALWAYS_EMBED_SWIFT_STANDARD_LIBRARIES = YES;
				CODE_SIGN_STYLE = Automatic;
				CURRENT_PROJECT_VERSION = 1;
				DEVELOPMENT_TEAM = AK98PPZ4Q5;
				GENERATE_INFOPLIST_FILE = YES;
				MARKETING_VERSION = 1.0;
				PRODUCT_BUNDLE_IDENTIFIER = com.su.REFRIGERATORUITests;
				PRODUCT_NAME = "$(TARGET_NAME)";
				SWIFT_EMIT_LOC_STRINGS = NO;
				SWIFT_VERSION = 5.0;
				TARGETED_DEVICE_FAMILY = "1,2";
				TEST_TARGET_NAME = REFRIGERATOR;
			};
			name = Release;
		};
/* End XCBuildConfiguration section */

/* Begin XCConfigurationList section */
		4753E0F72C26A71800BC1B32 /* Build configuration list for PBXProject "REFRIGERATOR" */ = {
			isa = XCConfigurationList;
			buildConfigurations = (
				4753E1242C26A71A00BC1B32 /* Debug */,
				4753E1252C26A71A00BC1B32 /* Release */,
			);
			defaultConfigurationIsVisible = 0;
			defaultConfigurationName = Release;
		};
		4753E1262C26A71A00BC1B32 /* Build configuration list for PBXNativeTarget "REFRIGERATOR" */ = {
			isa = XCConfigurationList;
			buildConfigurations = (
				4753E1272C26A71A00BC1B32 /* Debug */,
				4753E1282C26A71A00BC1B32 /* Release */,
			);
			defaultConfigurationIsVisible = 0;
			defaultConfigurationName = Release;
		};
		4753E1292C26A71A00BC1B32 /* Build configuration list for PBXNativeTarget "REFRIGERATORTests" */ = {
			isa = XCConfigurationList;
			buildConfigurations = (
				4753E12A2C26A71A00BC1B32 /* Debug */,
				4753E12B2C26A71A00BC1B32 /* Release */,
			);
			defaultConfigurationIsVisible = 0;
			defaultConfigurationName = Release;
		};
		4753E12C2C26A71A00BC1B32 /* Build configuration list for PBXNativeTarget "REFRIGERATORUITests" */ = {
			isa = XCConfigurationList;
			buildConfigurations = (
				4753E12D2C26A71A00BC1B32 /* Debug */,
				4753E12E2C26A71A00BC1B32 /* Release */,
			);
			defaultConfigurationIsVisible = 0;
			defaultConfigurationName = Release;
		};
/* End XCConfigurationList section */
	};
	rootObject = 4753E0F42C26A71800BC1B32 /* Project object */;
}
